
Microsoft Visual Studio Solution File, Format Version 12.00
# Visual Studio Version 17
VisualStudioVersion = 17.10.35201.131
MinimumVisualStudioVersion = 10.0.40219.1
Project("{9A19103F-16F7-4668-BE54-9A1E7A4F7556}") = "nDroidBot-GPT", "nDroidBot-GPT\nDroidBot-GPT.csproj", "{594D3AF1-8EF9-4FF5-9F54-3DE0B17D179B}"
EndProject
Project("{9A19103F-16F7-4668-BE54-9A1E7A4F7556}") = "nDroidBot-ConsoleApp", "nDroidBot-ConsoleApp\nDroidBot-ConsoleApp.csproj", "{A74BC0D2-5B4A-4D32-B09C-DBD96867A531}"
EndProject
Project("{9A19103F-16F7-4668-BE54-9A1E7A4F7556}") = "OpenAI", "OpenAI\OpenAI.csproj", "{0DC52886-C0F8-4F96-ADAE-57519EBE393B}"
EndProject
Project("{9A19103F-16F7-4668-BE54-9A1E7A4F7556}") = "nDroiBot-GPT_Tests", "nDroiBot-GPT_Tests\nDroiBot-GPT_Tests.csproj", "{9605BEF7-CDC6-4D7D-9F67-16961086E8FF}"
EndProject
Project("{FAE04EC0-301F-11D3-BF4B-00C04F79EFBC}") = "Console.nTestar", "nTestar\Console.nTestar.csproj", "{A52FC6E3-CD9C-47A9-B465-DBAE607A53A8}"
EndProject
Project("{FAE04EC0-301F-11D3-BF4B-00C04F79EFBC}") = "Core.nTestar", "Core.nTestar\Core.nTestar.csproj", "{B57B7AF4-D216-4D42-ABC0-63859F541657}"
EndProject
Project("{FAE04EC0-301F-11D3-BF4B-00C04F79EFBC}") = "Testar.Core", "Testar.Core\Testar.Core.csproj", "{864B6256-B7F1-474F-830F-13EFE2C7D73F}"
EndProject
Project("{FAE04EC0-301F-11D3-BF4B-00C04F79EFBC}") = "Testar.Core.Tests", "Testar.Core.Tests\Testar.Core.Tests.csproj", "{8E98E6D4-23F6-4A08-B810-D2388F4B9334}"
EndProject
Global
	GlobalSection(SolutionConfigurationPlatforms) = preSolution
		Debug|Any CPU = Debug|Any CPU
		Release|Any CPU = Release|Any CPU
	EndGlobalSection
	GlobalSection(ProjectConfigurationPlatforms) = postSolution
		{594D3AF1-8EF9-4FF5-9F54-3DE0B17D179B}.Debug|Any CPU.ActiveCfg = Debug|Any CPU
		{594D3AF1-8EF9-4FF5-9F54-3DE0B17D179B}.Debug|Any CPU.Build.0 = Debug|Any CPU
		{594D3AF1-8EF9-4FF5-9F54-3DE0B17D179B}.Release|Any CPU.ActiveCfg = Release|Any CPU
		{594D3AF1-8EF9-4FF5-9F54-3DE0B17D179B}.Release|Any CPU.Build.0 = Release|Any CPU
		{A74BC0D2-5B4A-4D32-B09C-DBD96867A531}.Debug|Any CPU.ActiveCfg = Debug|Any CPU
		{A74BC0D2-5B4A-4D32-B09C-DBD96867A531}.Debug|Any CPU.Build.0 = Debug|Any CPU
		{A74BC0D2-5B4A-4D32-B09C-DBD96867A531}.Release|Any CPU.ActiveCfg = Release|Any CPU
		{A74BC0D2-5B4A-4D32-B09C-DBD96867A531}.Release|Any CPU.Build.0 = Release|Any CPU
		{0DC52886-C0F8-4F96-ADAE-57519EBE393B}.Debug|Any CPU.ActiveCfg = Debug|Any CPU
		{0DC52886-C0F8-4F96-ADAE-57519EBE393B}.Debug|Any CPU.Build.0 = Debug|Any CPU
		{0DC52886-C0F8-4F96-ADAE-57519EBE393B}.Release|Any CPU.ActiveCfg = Release|Any CPU
		{0DC52886-C0F8-4F96-ADAE-57519EBE393B}.Release|Any CPU.Build.0 = Release|Any CPU
		{9605BEF7-CDC6-4D7D-9F67-16961086E8FF}.Debug|Any CPU.ActiveCfg = Debug|Any CPU
		{9605BEF7-CDC6-4D7D-9F67-16961086E8FF}.Debug|Any CPU.Build.0 = Debug|Any CPU
		{9605BEF7-CDC6-4D7D-9F67-16961086E8FF}.Release|Any CPU.ActiveCfg = Release|Any CPU
		{9605BEF7-CDC6-4D7D-9F67-16961086E8FF}.Release|Any CPU.Build.0 = Release|Any CPU
		{A52FC6E3-CD9C-47A9-B465-DBAE607A53A8}.Debug|Any CPU.ActiveCfg = Debug|Any CPU
		{A52FC6E3-CD9C-47A9-B465-DBAE607A53A8}.Debug|Any CPU.Build.0 = Debug|Any CPU
		{A52FC6E3-CD9C-47A9-B465-DBAE607A53A8}.Release|Any CPU.ActiveCfg = Release|Any CPU
		{A52FC6E3-CD9C-47A9-B465-DBAE607A53A8}.Release|Any CPU.Build.0 = Release|Any CPU
		{B57B7AF4-D216-4D42-ABC0-63859F541657}.Debug|Any CPU.ActiveCfg = Debug|Any CPU
		{B57B7AF4-D216-4D42-ABC0-63859F541657}.Debug|Any CPU.Build.0 = Debug|Any CPU
		{B57B7AF4-D216-4D42-ABC0-63859F541657}.Release|Any CPU.ActiveCfg = Release|Any CPU
		{B57B7AF4-D216-4D42-ABC0-63859F541657}.Release|Any CPU.Build.0 = Release|Any CPU
		{864B6256-B7F1-474F-830F-13EFE2C7D73F}.Debug|Any CPU.ActiveCfg = Debug|Any CPU
		{864B6256-B7F1-474F-830F-13EFE2C7D73F}.Debug|Any CPU.Build.0 = Debug|Any CPU
		{864B6256-B7F1-474F-830F-13EFE2C7D73F}.Release|Any CPU.ActiveCfg = Release|Any CPU
		{864B6256-B7F1-474F-830F-13EFE2C7D73F}.Release|Any CPU.Build.0 = Release|Any CPU
		{8E98E6D4-23F6-4A08-B810-D2388F4B9334}.Debug|Any CPU.ActiveCfg = Debug|Any CPU
		{8E98E6D4-23F6-4A08-B810-D2388F4B9334}.Debug|Any CPU.Build.0 = Debug|Any CPU
		{8E98E6D4-23F6-4A08-B810-D2388F4B9334}.Release|Any CPU.ActiveCfg = Release|Any CPU
		{8E98E6D4-23F6-4A08-B810-D2388F4B9334}.Release|Any CPU.Build.0 = Release|Any CPU
	EndGlobalSection
	GlobalSection(SolutionProperties) = preSolution
		HideSolutionNode = FALSE
	EndGlobalSection
	GlobalSection(ExtensibilityGlobals) = postSolution
		SolutionGuid = {152F6B8E-D19C-4F7C-A04C-2ECFAD0A4235}
	EndGlobalSection
EndGlobal
